
Microsoft Visual Studio Solution File, Format Version 12.00
# Visual Studio Version 17
VisualStudioVersion = 17.4.33213.308
MinimumVisualStudioVersion = 10.0.40219.1
Project("{FAE04EC0-301F-11D3-BF4B-00C04F79EFBC}") = "ProductsAPI", "ProductsAPI.csproj", "{6AEF417B-D166-4AD6-85F9-4BF68D7E1A25}"
EndProject
Project("{FAE04EC0-301F-11D3-BF4B-00C04F79EFBC}") = "Application", "..\Application\Application.csproj", "{0AD30C99-58D8-4CA4-B283-A25475FAFF57}"
EndProject
Project("{FAE04EC0-301F-11D3-BF4B-00C04F79EFBC}") = "Domain", "..\Domain\Domain.csproj", "{61BF82B6-14B6-459C-A30E-6D5C7315D814}"
EndProject
Project("{FAE04EC0-301F-11D3-BF4B-00C04F79EFBC}") = "Infrastructure", "..\Infrastructure\Infrastructure.csproj", "{06CBE775-BB8E-4A66-91C9-62FA55088250}"
EndProject
Global
	GlobalSection(SolutionConfigurationPlatforms) = preSolution
		Debug|Any CPU = Debug|Any CPU
		Release|Any CPU = Release|Any CPU
	EndGlobalSection
	GlobalSection(ProjectConfigurationPlatforms) = postSolution
		{6AEF417B-D166-4AD6-85F9-4BF68D7E1A25}.Debug|Any CPU.ActiveCfg = Debug|Any CPU
		{6AEF417B-D166-4AD6-85F9-4BF68D7E1A25}.Debug|Any CPU.Build.0 = Debug|Any CPU
		{6AEF417B-D166-4AD6-85F9-4BF68D7E1A25}.Release|Any CPU.ActiveCfg = Release|Any CPU
		{6AEF417B-D166-4AD6-85F9-4BF68D7E1A25}.Release|Any CPU.Build.0 = Release|Any CPU
		{0AD30C99-58D8-4CA4-B283-A25475FAFF57}.Debug|Any CPU.ActiveCfg = Debug|Any CPU
		{0AD30C99-58D8-4CA4-B283-A25475FAFF57}.Debug|Any CPU.Build.0 = Debug|Any CPU
		{0AD30C99-58D8-4CA4-B283-A25475FAFF57}.Release|Any CPU.ActiveCfg = Release|Any CPU
		{0AD30C99-58D8-4CA4-B283-A25475FAFF57}.Release|Any CPU.Build.0 = Release|Any CPU
		{61BF82B6-14B6-459C-A30E-6D5C7315D814}.Debug|Any CPU.ActiveCfg = Debug|Any CPU
		{61BF82B6-14B6-459C-A30E-6D5C7315D814}.Debug|Any CPU.Build.0 = Debug|Any CPU
		{61BF82B6-14B6-459C-A30E-6D5C7315D814}.Release|Any CPU.ActiveCfg = Release|Any CPU
		{61BF82B6-14B6-459C-A30E-6D5C7315D814}.Release|Any CPU.Build.0 = Release|Any CPU
		{06CBE775-BB8E-4A66-91C9-62FA55088250}.Debug|Any CPU.ActiveCfg = Debug|Any CPU
		{06CBE775-BB8E-4A66-91C9-62FA55088250}.Debug|Any CPU.Build.0 = Debug|Any CPU
		{06CBE775-BB8E-4A66-91C9-62FA55088250}.Release|Any CPU.ActiveCfg = Release|Any CPU
		{06CBE775-BB8E-4A66-91C9-62FA55088250}.Release|Any CPU.Build.0 = Release|Any CPU
	EndGlobalSection
	GlobalSection(SolutionProperties) = preSolution
		HideSolutionNode = FALSE
	EndGlobalSection
	GlobalSection(ExtensibilityGlobals) = postSolution
		SolutionGuid = {72BA544A-BB9A-4E69-9A70-ADED4D9E15F6}
	EndGlobalSection
EndGlobal
